// !$*UTF8*$!
{
	archiveVersion = 1;
	classes = {
	};
	objectVersion = 50;
	objects = {

/* Begin PBXBuildFile section */
		AC1F65D223993C810077B333 /* UIImageViewExtension.swift in Sources */ = {isa = PBXBuildFile; fileRef = AC1F65D123993C810077B333 /* UIImageViewExtension.swift */; };
		AC1F65D4239954770077B333 /* AlbumListViewModel.swift in Sources */ = {isa = PBXBuildFile; fileRef = AC1F65D3239954770077B333 /* AlbumListViewModel.swift */; };
		AC1F65D7239955C00077B333 /* AlbumsViewController.swift in Sources */ = {isa = PBXBuildFile; fileRef = AC1F65D5239955C00077B333 /* AlbumsViewController.swift */; };
		AC1F65D8239955C00077B333 /* AlbumsViewController.xib in Resources */ = {isa = PBXBuildFile; fileRef = AC1F65D6239955C00077B333 /* AlbumsViewController.xib */; };
		AC1F65DA239A0DC80077B333 /* AlbumCollectionViewDataSource.swift in Sources */ = {isa = PBXBuildFile; fileRef = AC1F65D9239A0DC80077B333 /* AlbumCollectionViewDataSource.swift */; };
		AC3CE79D2398266300EB8762 /* UIColorExtension.swift in Sources */ = {isa = PBXBuildFile; fileRef = AC3CE79C2398266300EB8762 /* UIColorExtension.swift */; };
		AC3CE79F2398289100EB8762 /* Navigator.swift in Sources */ = {isa = PBXBuildFile; fileRef = AC3CE79E2398289100EB8762 /* Navigator.swift */; };
		AC3CE7A52398292A00EB8762 /* SearchViewController.swift in Sources */ = {isa = PBXBuildFile; fileRef = AC3CE7A32398292A00EB8762 /* SearchViewController.swift */; };
		AC3CE7A62398292A00EB8762 /* SearchViewController.xib in Resources */ = {isa = PBXBuildFile; fileRef = AC3CE7A42398292A00EB8762 /* SearchViewController.xib */; };
		AC3CE7A823982A1100EB8762 /* NSObjectExtension.swift in Sources */ = {isa = PBXBuildFile; fileRef = AC3CE7A723982A1100EB8762 /* NSObjectExtension.swift */; };
		AC3CE7B123982CCF00EB8762 /* Constants.swift in Sources */ = {isa = PBXBuildFile; fileRef = AC3CE7B023982CCF00EB8762 /* Constants.swift */; };
		AC3CE7B32398A62000EB8762 /* DeezerError.swift in Sources */ = {isa = PBXBuildFile; fileRef = AC3CE7B22398A62000EB8762 /* DeezerError.swift */; };
		AC3CE7B52398A67300EB8762 /* HTTPMethod.swift in Sources */ = {isa = PBXBuildFile; fileRef = AC3CE7B42398A67300EB8762 /* HTTPMethod.swift */; };
		AC3CE7B72398A69600EB8762 /* HTTPClient.swift in Sources */ = {isa = PBXBuildFile; fileRef = AC3CE7B62398A69600EB8762 /* HTTPClient.swift */; };
		AC3CE7B92398A6AB00EB8762 /* HTTPError.swift in Sources */ = {isa = PBXBuildFile; fileRef = AC3CE7B82398A6AB00EB8762 /* HTTPError.swift */; };
		AC3CE7BB2398A70B00EB8762 /* HTTPRequestProtocol.swift in Sources */ = {isa = PBXBuildFile; fileRef = AC3CE7BA2398A70B00EB8762 /* HTTPRequestProtocol.swift */; };
		AC3CE7BD2398A72400EB8762 /* URLSessionDataTaskProtocol.swift in Sources */ = {isa = PBXBuildFile; fileRef = AC3CE7BC2398A72400EB8762 /* URLSessionDataTaskProtocol.swift */; };
		AC3CE7BF2398A73800EB8762 /* URLSessionProtocol.swift in Sources */ = {isa = PBXBuildFile; fileRef = AC3CE7BE2398A73800EB8762 /* URLSessionProtocol.swift */; };
		AC3CE7C12398A76400EB8762 /* URLResponseExtension.swift in Sources */ = {isa = PBXBuildFile; fileRef = AC3CE7C02398A76400EB8762 /* URLResponseExtension.swift */; };
		AC3CE7C32398A77300EB8762 /* URLSessionDataTaskExtension.swift in Sources */ = {isa = PBXBuildFile; fileRef = AC3CE7C22398A77300EB8762 /* URLSessionDataTaskExtension.swift */; };
		AC3CE7C52398A79700EB8762 /* URLSessionExtension.swift in Sources */ = {isa = PBXBuildFile; fileRef = AC3CE7C42398A79700EB8762 /* URLSessionExtension.swift */; };
		AC3CE7C72398A8CC00EB8762 /* DeezerAPI.swift in Sources */ = {isa = PBXBuildFile; fileRef = AC3CE7C62398A8CC00EB8762 /* DeezerAPI.swift */; };
		AC3CE7C92398AC5400EB8762 /* PrintHelper.swift in Sources */ = {isa = PBXBuildFile; fileRef = AC3CE7C82398AC5400EB8762 /* PrintHelper.swift */; };
		AC3CE7CB2398BA8A00EB8762 /* SearchTableViewDataSource.swift in Sources */ = {isa = PBXBuildFile; fileRef = AC3CE7CA2398BA8900EB8762 /* SearchTableViewDataSource.swift */; };
		AC3CE7CD2398BC3500EB8762 /* Aritist.swift in Sources */ = {isa = PBXBuildFile; fileRef = AC3CE7CC2398BC3500EB8762 /* Aritist.swift */; };
		AC3CE7CF2398BC4200EB8762 /* Album.swift in Sources */ = {isa = PBXBuildFile; fileRef = AC3CE7CE2398BC4200EB8762 /* Album.swift */; };
		AC570C99239C4540006771CA /* AlbumDetailViewController.swift in Sources */ = {isa = PBXBuildFile; fileRef = AC570C97239C4540006771CA /* AlbumDetailViewController.swift */; };
		AC570C9A239C4540006771CA /* AlbumDetailViewController.xib in Resources */ = {isa = PBXBuildFile; fileRef = AC570C98239C4540006771CA /* AlbumDetailViewController.xib */; };
		AC570C9C239C4651006771CA /* AlbumHeaderView.swift in Sources */ = {isa = PBXBuildFile; fileRef = AC570C9B239C4651006771CA /* AlbumHeaderView.swift */; };
		AC570C9E239CCB71006771CA /* AlbumDetail.swift in Sources */ = {isa = PBXBuildFile; fileRef = AC570C9D239CCB71006771CA /* AlbumDetail.swift */; };
		AC570CA0239CCCF3006771CA /* AlbumDetailViewModel.swift in Sources */ = {isa = PBXBuildFile; fileRef = AC570C9F239CCCF3006771CA /* AlbumDetailViewModel.swift */; };
		AC570CA5239CE0D8006771CA /* TrackCollectionViewCell.swift in Sources */ = {isa = PBXBuildFile; fileRef = AC570CA3239CE0D8006771CA /* TrackCollectionViewCell.swift */; };
		AC570CA6239CE0D8006771CA /* TrackCollectionViewCell.xib in Resources */ = {isa = PBXBuildFile; fileRef = AC570CA4239CE0D8006771CA /* TrackCollectionViewCell.xib */; };
		ACDC187F2398D15E0091F680 /* ArtistTableViewCell.swift in Sources */ = {isa = PBXBuildFile; fileRef = ACDC187D2398D15E0091F680 /* ArtistTableViewCell.swift */; };
		ACDC18802398D15E0091F680 /* ArtistTableViewCell.xib in Resources */ = {isa = PBXBuildFile; fileRef = ACDC187E2398D15E0091F680 /* ArtistTableViewCell.xib */; };
		ACDC18852398D1990091F680 /* AlbumCollectionViewCell.swift in Sources */ = {isa = PBXBuildFile; fileRef = ACDC18832398D1990091F680 /* AlbumCollectionViewCell.swift */; };
		ACDC18862398D1990091F680 /* AlbumCollectionViewCell.xib in Resources */ = {isa = PBXBuildFile; fileRef = ACDC18842398D1990091F680 /* AlbumCollectionViewCell.xib */; };
		ACDC18892398D3670091F680 /* ArtistListViewModel.swift in Sources */ = {isa = PBXBuildFile; fileRef = ACDC18882398D3670091F680 /* ArtistListViewModel.swift */; };
		ACDC188B2398D3D00091F680 /* Bindable.swift in Sources */ = {isa = PBXBuildFile; fileRef = ACDC188A2398D3D00091F680 /* Bindable.swift */; };
		ACDC188D2398F42D0091F680 /* UIAlertControllerExtension.swift in Sources */ = {isa = PBXBuildFile; fileRef = ACDC188C2398F42D0091F680 /* UIAlertControllerExtension.swift */; };
		ACE84820239CEEB100BE0915 /* AlbumDetailCollectionViewDataSource.swift in Sources */ = {isa = PBXBuildFile; fileRef = ACE8481F239CEEB100BE0915 /* AlbumDetailCollectionViewDataSource.swift */; };
		ACEEF1142398225C0092415F /* AppDelegate.swift in Sources */ = {isa = PBXBuildFile; fileRef = ACEEF1132398225C0092415F /* AppDelegate.swift */; };
		ACEEF11B2398225E0092415F /* Assets.xcassets in Resources */ = {isa = PBXBuildFile; fileRef = ACEEF11A2398225E0092415F /* Assets.xcassets */; };
		ACEEF11E2398225E0092415F /* LaunchScreen.storyboard in Resources */ = {isa = PBXBuildFile; fileRef = ACEEF11C2398225E0092415F /* LaunchScreen.storyboard */; };
		ACEEF128239822FB0092415F /* UIViewExtension.swift in Sources */ = {isa = PBXBuildFile; fileRef = ACEEF127239822FB0092415F /* UIViewExtension.swift */; };
		ACEEF12D239825420092415F /* Color.xcassets in Resources */ = {isa = PBXBuildFile; fileRef = ACEEF1292398238E0092415F /* Color.xcassets */; };
/* End PBXBuildFile section */

/* Begin PBXFileReference section */
		AC1F65D123993C810077B333 /* UIImageViewExtension.swift */ = {isa = PBXFileReference; lastKnownFileType = sourcecode.swift; path = UIImageViewExtension.swift; sourceTree = "<group>"; };
		AC1F65D3239954770077B333 /* AlbumListViewModel.swift */ = {isa = PBXFileReference; lastKnownFileType = sourcecode.swift; path = AlbumListViewModel.swift; sourceTree = "<group>"; };
		AC1F65D5239955C00077B333 /* AlbumsViewController.swift */ = {isa = PBXFileReference; lastKnownFileType = sourcecode.swift; path = AlbumsViewController.swift; sourceTree = "<group>"; };
		AC1F65D6239955C00077B333 /* AlbumsViewController.xib */ = {isa = PBXFileReference; lastKnownFileType = file.xib; path = AlbumsViewController.xib; sourceTree = "<group>"; };
		AC1F65D9239A0DC80077B333 /* AlbumCollectionViewDataSource.swift */ = {isa = PBXFileReference; lastKnownFileType = sourcecode.swift; path = AlbumCollectionViewDataSource.swift; sourceTree = "<group>"; };
		AC3CE79C2398266300EB8762 /* UIColorExtension.swift */ = {isa = PBXFileReference; lastKnownFileType = sourcecode.swift; path = UIColorExtension.swift; sourceTree = "<group>"; };
		AC3CE79E2398289100EB8762 /* Navigator.swift */ = {isa = PBXFileReference; lastKnownFileType = sourcecode.swift; path = Navigator.swift; sourceTree = "<group>"; };
		AC3CE7A32398292A00EB8762 /* SearchViewController.swift */ = {isa = PBXFileReference; lastKnownFileType = sourcecode.swift; path = SearchViewController.swift; sourceTree = "<group>"; };
		AC3CE7A42398292A00EB8762 /* SearchViewController.xib */ = {isa = PBXFileReference; lastKnownFileType = file.xib; path = SearchViewController.xib; sourceTree = "<group>"; };
		AC3CE7A723982A1100EB8762 /* NSObjectExtension.swift */ = {isa = PBXFileReference; lastKnownFileType = sourcecode.swift; path = NSObjectExtension.swift; sourceTree = "<group>"; };
		AC3CE7B023982CCF00EB8762 /* Constants.swift */ = {isa = PBXFileReference; lastKnownFileType = sourcecode.swift; path = Constants.swift; sourceTree = "<group>"; };
		AC3CE7B22398A62000EB8762 /* DeezerError.swift */ = {isa = PBXFileReference; lastKnownFileType = sourcecode.swift; path = DeezerError.swift; sourceTree = "<group>"; };
		AC3CE7B42398A67300EB8762 /* HTTPMethod.swift */ = {isa = PBXFileReference; lastKnownFileType = sourcecode.swift; path = HTTPMethod.swift; sourceTree = "<group>"; };
		AC3CE7B62398A69600EB8762 /* HTTPClient.swift */ = {isa = PBXFileReference; lastKnownFileType = sourcecode.swift; path = HTTPClient.swift; sourceTree = "<group>"; };
		AC3CE7B82398A6AB00EB8762 /* HTTPError.swift */ = {isa = PBXFileReference; lastKnownFileType = sourcecode.swift; path = HTTPError.swift; sourceTree = "<group>"; };
		AC3CE7BA2398A70B00EB8762 /* HTTPRequestProtocol.swift */ = {isa = PBXFileReference; lastKnownFileType = sourcecode.swift; path = HTTPRequestProtocol.swift; sourceTree = "<group>"; };
		AC3CE7BC2398A72400EB8762 /* URLSessionDataTaskProtocol.swift */ = {isa = PBXFileReference; lastKnownFileType = sourcecode.swift; path = URLSessionDataTaskProtocol.swift; sourceTree = "<group>"; };
		AC3CE7BE2398A73800EB8762 /* URLSessionProtocol.swift */ = {isa = PBXFileReference; lastKnownFileType = sourcecode.swift; path = URLSessionProtocol.swift; sourceTree = "<group>"; };
		AC3CE7C02398A76400EB8762 /* URLResponseExtension.swift */ = {isa = PBXFileReference; lastKnownFileType = sourcecode.swift; path = URLResponseExtension.swift; sourceTree = "<group>"; };
		AC3CE7C22398A77300EB8762 /* URLSessionDataTaskExtension.swift */ = {isa = PBXFileReference; lastKnownFileType = sourcecode.swift; path = URLSessionDataTaskExtension.swift; sourceTree = "<group>"; };
		AC3CE7C42398A79700EB8762 /* URLSessionExtension.swift */ = {isa = PBXFileReference; lastKnownFileType = sourcecode.swift; path = URLSessionExtension.swift; sourceTree = "<group>"; };
		AC3CE7C62398A8CC00EB8762 /* DeezerAPI.swift */ = {isa = PBXFileReference; lastKnownFileType = sourcecode.swift; path = DeezerAPI.swift; sourceTree = "<group>"; };
		AC3CE7C82398AC5400EB8762 /* PrintHelper.swift */ = {isa = PBXFileReference; lastKnownFileType = sourcecode.swift; path = PrintHelper.swift; sourceTree = "<group>"; };
		AC3CE7CA2398BA8900EB8762 /* SearchTableViewDataSource.swift */ = {isa = PBXFileReference; lastKnownFileType = sourcecode.swift; path = SearchTableViewDataSource.swift; sourceTree = "<group>"; };
		AC3CE7CC2398BC3500EB8762 /* Aritist.swift */ = {isa = PBXFileReference; lastKnownFileType = sourcecode.swift; path = Aritist.swift; sourceTree = "<group>"; };
		AC3CE7CE2398BC4200EB8762 /* Album.swift */ = {isa = PBXFileReference; lastKnownFileType = sourcecode.swift; path = Album.swift; sourceTree = "<group>"; };
		AC570C97239C4540006771CA /* AlbumDetailViewController.swift */ = {isa = PBXFileReference; lastKnownFileType = sourcecode.swift; path = AlbumDetailViewController.swift; sourceTree = "<group>"; };
		AC570C98239C4540006771CA /* AlbumDetailViewController.xib */ = {isa = PBXFileReference; lastKnownFileType = file.xib; path = AlbumDetailViewController.xib; sourceTree = "<group>"; };
		AC570C9B239C4651006771CA /* AlbumHeaderView.swift */ = {isa = PBXFileReference; lastKnownFileType = sourcecode.swift; path = AlbumHeaderView.swift; sourceTree = "<group>"; };
		AC570C9D239CCB71006771CA /* AlbumDetail.swift */ = {isa = PBXFileReference; lastKnownFileType = sourcecode.swift; path = AlbumDetail.swift; sourceTree = "<group>"; };
		AC570C9F239CCCF3006771CA /* AlbumDetailViewModel.swift */ = {isa = PBXFileReference; lastKnownFileType = sourcecode.swift; path = AlbumDetailViewModel.swift; sourceTree = "<group>"; };
		AC570CA3239CE0D8006771CA /* TrackCollectionViewCell.swift */ = {isa = PBXFileReference; lastKnownFileType = sourcecode.swift; path = TrackCollectionViewCell.swift; sourceTree = "<group>"; };
		AC570CA4239CE0D8006771CA /* TrackCollectionViewCell.xib */ = {isa = PBXFileReference; lastKnownFileType = file.xib; path = TrackCollectionViewCell.xib; sourceTree = "<group>"; };
		ACDC187D2398D15E0091F680 /* ArtistTableViewCell.swift */ = {isa = PBXFileReference; lastKnownFileType = sourcecode.swift; path = ArtistTableViewCell.swift; sourceTree = "<group>"; };
		ACDC187E2398D15E0091F680 /* ArtistTableViewCell.xib */ = {isa = PBXFileReference; lastKnownFileType = file.xib; path = ArtistTableViewCell.xib; sourceTree = "<group>"; };
		ACDC18832398D1990091F680 /* AlbumCollectionViewCell.swift */ = {isa = PBXFileReference; lastKnownFileType = sourcecode.swift; path = AlbumCollectionViewCell.swift; sourceTree = "<group>"; };
		ACDC18842398D1990091F680 /* AlbumCollectionViewCell.xib */ = {isa = PBXFileReference; lastKnownFileType = file.xib; path = AlbumCollectionViewCell.xib; sourceTree = "<group>"; };
		ACDC18882398D3670091F680 /* ArtistListViewModel.swift */ = {isa = PBXFileReference; lastKnownFileType = sourcecode.swift; path = ArtistListViewModel.swift; sourceTree = "<group>"; };
		ACDC188A2398D3D00091F680 /* Bindable.swift */ = {isa = PBXFileReference; lastKnownFileType = sourcecode.swift; path = Bindable.swift; sourceTree = "<group>"; };
		ACDC188C2398F42D0091F680 /* UIAlertControllerExtension.swift */ = {isa = PBXFileReference; lastKnownFileType = sourcecode.swift; path = UIAlertControllerExtension.swift; sourceTree = "<group>"; };
		ACE8481F239CEEB100BE0915 /* AlbumDetailCollectionViewDataSource.swift */ = {isa = PBXFileReference; lastKnownFileType = sourcecode.swift; path = AlbumDetailCollectionViewDataSource.swift; sourceTree = "<group>"; };
		ACEEF1102398225C0092415F /* DeezerApp.app */ = {isa = PBXFileReference; explicitFileType = wrapper.application; includeInIndex = 0; path = DeezerApp.app; sourceTree = BUILT_PRODUCTS_DIR; };
		ACEEF1132398225C0092415F /* AppDelegate.swift */ = {isa = PBXFileReference; lastKnownFileType = sourcecode.swift; path = AppDelegate.swift; sourceTree = "<group>"; };
		ACEEF11A2398225E0092415F /* Assets.xcassets */ = {isa = PBXFileReference; lastKnownFileType = folder.assetcatalog; path = Assets.xcassets; sourceTree = "<group>"; };
		ACEEF11D2398225E0092415F /* Base */ = {isa = PBXFileReference; lastKnownFileType = file.storyboard; name = Base; path = Base.lproj/LaunchScreen.storyboard; sourceTree = "<group>"; };
		ACEEF11F2398225E0092415F /* Info.plist */ = {isa = PBXFileReference; lastKnownFileType = text.plist.xml; path = Info.plist; sourceTree = "<group>"; };
		ACEEF127239822FB0092415F /* UIViewExtension.swift */ = {isa = PBXFileReference; lastKnownFileType = sourcecode.swift; path = UIViewExtension.swift; sourceTree = "<group>"; };
		ACEEF1292398238E0092415F /* Color.xcassets */ = {isa = PBXFileReference; lastKnownFileType = folder.assetcatalog; path = Color.xcassets; sourceTree = "<group>"; };
/* End PBXFileReference section */

/* Begin PBXFrameworksBuildPhase section */
		ACEEF10D2398225C0092415F /* Frameworks */ = {
			isa = PBXFrameworksBuildPhase;
			buildActionMask = 2147483647;
			files = (
			);
			runOnlyForDeploymentPostprocessing = 0;
		};
/* End PBXFrameworksBuildPhase section */

/* Begin PBXGroup section */
		AC3CE7A0239828D900EB8762 /* Controllers */ = {
			isa = PBXGroup;
			children = (
				AC3CE7A1239828E400EB8762 /* Search */,
				AC3CE7AA23982C3200EB8762 /* AlbumDetail */,
				AC3CE7A923982C2600EB8762 /* AlbumList */,
			);
			path = Controllers;
			sourceTree = "<group>";
		};
		AC3CE7A1239828E400EB8762 /* Search */ = {
			isa = PBXGroup;
			children = (
				ACE84828239D416D00BE0915 /* Controllers */,
				ACE84827239D416200BE0915 /* Views */,
				ACE84826239D415700BE0915 /* DataSources */,
			);
			path = Search;
			sourceTree = "<group>";
		};
		AC3CE7A2239828EC00EB8762 /* Models */ = {
			isa = PBXGroup;
			children = (
				AC3CE7CC2398BC3500EB8762 /* Aritist.swift */,
				AC3CE7CE2398BC4200EB8762 /* Album.swift */,
				AC570C9D239CCB71006771CA /* AlbumDetail.swift */,
			);
			path = Models;
			sourceTree = "<group>";
		};
		AC3CE7A923982C2600EB8762 /* AlbumList */ = {
			isa = PBXGroup;
			children = (
				ACE84825239D412F00BE0915 /* Controllers */,
				ACE84824239D412500BE0915 /* Views */,
				ACE84823239D411900BE0915 /* DataSources */,
			);
			path = AlbumList;
			sourceTree = "<group>";
		};
		AC3CE7AA23982C3200EB8762 /* AlbumDetail */ = {
			isa = PBXGroup;
			children = (
				ACE84822239D410F00BE0915 /* DataSources */,
				ACE84821239D40F800BE0915 /* Controllers */,
				ACE8481E239CEE8E00BE0915 /* Views */,
			);
			path = AlbumDetail;
			sourceTree = "<group>";
		};
		AC3CE7AB23982C5700EB8762 /* NetworkLayer */ = {
			isa = PBXGroup;
			children = (
				AC3CE7AF23982CA000EB8762 /* DeezerAPI */,
				AC3CE7AE23982C8300EB8762 /* Protocols */,
				AC3CE7AD23982C7800EB8762 /* Extensions */,
				AC3CE7AC23982C6A00EB8762 /* HTTPClient */,
				AC3CE7B023982CCF00EB8762 /* Constants.swift */,
			);
			path = NetworkLayer;
			sourceTree = "<group>";
		};
		AC3CE7AC23982C6A00EB8762 /* HTTPClient */ = {
			isa = PBXGroup;
			children = (
				AC3CE7B22398A62000EB8762 /* DeezerError.swift */,
				AC3CE7B42398A67300EB8762 /* HTTPMethod.swift */,
				AC3CE7B62398A69600EB8762 /* HTTPClient.swift */,
				AC3CE7B82398A6AB00EB8762 /* HTTPError.swift */,
			);
			path = HTTPClient;
			sourceTree = "<group>";
		};
		AC3CE7AD23982C7800EB8762 /* Extensions */ = {
			isa = PBXGroup;
			children = (
				AC3CE7C02398A76400EB8762 /* URLResponseExtension.swift */,
				AC3CE7C22398A77300EB8762 /* URLSessionDataTaskExtension.swift */,
				AC3CE7C42398A79700EB8762 /* URLSessionExtension.swift */,
			);
			path = Extensions;
			sourceTree = "<group>";
		};
		AC3CE7AE23982C8300EB8762 /* Protocols */ = {
			isa = PBXGroup;
			children = (
				AC3CE7BA2398A70B00EB8762 /* HTTPRequestProtocol.swift */,
				AC3CE7BC2398A72400EB8762 /* URLSessionDataTaskProtocol.swift */,
				AC3CE7BE2398A73800EB8762 /* URLSessionProtocol.swift */,
			);
			path = Protocols;
			sourceTree = "<group>";
		};
		AC3CE7AF23982CA000EB8762 /* DeezerAPI */ = {
			isa = PBXGroup;
			children = (
				AC3CE7C62398A8CC00EB8762 /* DeezerAPI.swift */,
			);
			path = DeezerAPI;
			sourceTree = "<group>";
		};
		AC3CE7D02398BC7700EB8762 /* cells */ = {
			isa = PBXGroup;
			children = (
				AC570CA7239CE278006771CA /* TrackCollectionViewCell */,
				ACDC18822398D16D0091F680 /* AlbumCollectionViewCell */,
				ACDC18812398D1660091F680 /* ArtistTableViewCell */,
			);
			path = cells;
			sourceTree = "<group>";
		};
		AC570CA7239CE278006771CA /* TrackCollectionViewCell */ = {
			isa = PBXGroup;
			children = (
				AC570CA3239CE0D8006771CA /* TrackCollectionViewCell.swift */,
				AC570CA4239CE0D8006771CA /* TrackCollectionViewCell.xib */,
			);
			path = TrackCollectionViewCell;
			sourceTree = "<group>";
		};
		ACDC18812398D1660091F680 /* ArtistTableViewCell */ = {
			isa = PBXGroup;
			children = (
				ACDC187D2398D15E0091F680 /* ArtistTableViewCell.swift */,
				ACDC187E2398D15E0091F680 /* ArtistTableViewCell.xib */,
			);
			path = ArtistTableViewCell;
			sourceTree = "<group>";
		};
		ACDC18822398D16D0091F680 /* AlbumCollectionViewCell */ = {
			isa = PBXGroup;
			children = (
				ACDC18832398D1990091F680 /* AlbumCollectionViewCell.swift */,
				ACDC18842398D1990091F680 /* AlbumCollectionViewCell.xib */,
			);
			path = AlbumCollectionViewCell;
			sourceTree = "<group>";
		};
		ACDC18872398D3290091F680 /* ViewModel */ = {
			isa = PBXGroup;
			children = (
				ACDC18882398D3670091F680 /* ArtistListViewModel.swift */,
				AC1F65D3239954770077B333 /* AlbumListViewModel.swift */,
				AC570C9F239CCCF3006771CA /* AlbumDetailViewModel.swift */,
			);
			path = ViewModel;
			sourceTree = "<group>";
		};
		ACE8481E239CEE8E00BE0915 /* Views */ = {
			isa = PBXGroup;
			children = (
				AC570C9B239C4651006771CA /* AlbumHeaderView.swift */,
				AC570C98239C4540006771CA /* AlbumDetailViewController.xib */,
			);
			path = Views;
			sourceTree = "<group>";
		};
		ACE84821239D40F800BE0915 /* Controllers */ = {
			isa = PBXGroup;
			children = (
				AC570C97239C4540006771CA /* AlbumDetailViewController.swift */,
			);
			path = Controllers;
			sourceTree = "<group>";
		};
		ACE84822239D410F00BE0915 /* DataSources */ = {
			isa = PBXGroup;
			children = (
				ACE8481F239CEEB100BE0915 /* AlbumDetailCollectionViewDataSource.swift */,
			);
			path = DataSources;
			sourceTree = "<group>";
		};
		ACE84823239D411900BE0915 /* DataSources */ = {
			isa = PBXGroup;
			children = (
				AC1F65D9239A0DC80077B333 /* AlbumCollectionViewDataSource.swift */,
			);
			path = DataSources;
			sourceTree = "<group>";
		};
		ACE84824239D412500BE0915 /* Views */ = {
			isa = PBXGroup;
			children = (
				AC1F65D6239955C00077B333 /* AlbumsViewController.xib */,
			);
			path = Views;
			sourceTree = "<group>";
		};
		ACE84825239D412F00BE0915 /* Controllers */ = {
			isa = PBXGroup;
			children = (
				AC1F65D5239955C00077B333 /* AlbumsViewController.swift */,
			);
			path = Controllers;
			sourceTree = "<group>";
		};
		ACE84826239D415700BE0915 /* DataSources */ = {
			isa = PBXGroup;
			children = (
				AC3CE7CA2398BA8900EB8762 /* SearchTableViewDataSource.swift */,
			);
			path = DataSources;
			sourceTree = "<group>";
		};
		ACE84827239D416200BE0915 /* Views */ = {
			isa = PBXGroup;
			children = (
				AC3CE7A42398292A00EB8762 /* SearchViewController.xib */,
			);
			path = Views;
			sourceTree = "<group>";
		};
		ACE84828239D416D00BE0915 /* Controllers */ = {
			isa = PBXGroup;
			children = (
				AC3CE7A32398292A00EB8762 /* SearchViewController.swift */,
			);
			path = Controllers;
			sourceTree = "<group>";
		};
		ACEEF1072398225C0092415F = {
			isa = PBXGroup;
			children = (
				ACEEF1122398225C0092415F /* DeezerApp */,
				ACEEF1112398225C0092415F /* Products */,
			);
			sourceTree = "<group>";
		};
		ACEEF1112398225C0092415F /* Products */ = {
			isa = PBXGroup;
			children = (
				ACEEF1102398225C0092415F /* DeezerApp.app */,
			);
			name = Products;
			sourceTree = "<group>";
		};
		ACEEF1122398225C0092415F /* DeezerApp */ = {
			isa = PBXGroup;
			children = (
				ACEEF125239822DC0092415F /* Helpers */,
				AC3CE7AB23982C5700EB8762 /* NetworkLayer */,
				AC3CE7D02398BC7700EB8762 /* cells */,
				AC3CE7A2239828EC00EB8762 /* Models */,
				ACDC18872398D3290091F680 /* ViewModel */,
				AC3CE7A0239828D900EB8762 /* Controllers */,
				ACEEF1132398225C0092415F /* AppDelegate.swift */,
				ACEEF11A2398225E0092415F /* Assets.xcassets */,
				ACEEF11C2398225E0092415F /* LaunchScreen.storyboard */,
				ACEEF11F2398225E0092415F /* Info.plist */,
				ACEEF1292398238E0092415F /* Color.xcassets */,
			);
			path = DeezerApp;
			sourceTree = "<group>";
		};
		ACEEF125239822DC0092415F /* Helpers */ = {
			isa = PBXGroup;
			children = (
				ACEEF126239822EF0092415F /* Extensions */,
				AC3CE79E2398289100EB8762 /* Navigator.swift */,
				AC3CE7C82398AC5400EB8762 /* PrintHelper.swift */,
			);
			path = Helpers;
			sourceTree = "<group>";
		};
		ACEEF126239822EF0092415F /* Extensions */ = {
			isa = PBXGroup;
			children = (
				ACEEF127239822FB0092415F /* UIViewExtension.swift */,
				AC3CE79C2398266300EB8762 /* UIColorExtension.swift */,
				AC3CE7A723982A1100EB8762 /* NSObjectExtension.swift */,
				ACDC188A2398D3D00091F680 /* Bindable.swift */,
				ACDC188C2398F42D0091F680 /* UIAlertControllerExtension.swift */,
				AC1F65D123993C810077B333 /* UIImageViewExtension.swift */,
			);
			path = Extensions;
			sourceTree = "<group>";
		};
/* End PBXGroup section */

/* Begin PBXNativeTarget section */
		ACEEF10F2398225C0092415F /* DeezerApp */ = {
			isa = PBXNativeTarget;
			buildConfigurationList = ACEEF1222398225E0092415F /* Build configuration list for PBXNativeTarget "DeezerApp" */;
			buildPhases = (
				ACEEF10C2398225C0092415F /* Sources */,
				ACEEF10D2398225C0092415F /* Frameworks */,
				ACEEF10E2398225C0092415F /* Resources */,
			);
			buildRules = (
			);
			dependencies = (
			);
			name = DeezerApp;
			productName = DeezerApp;
			productReference = ACEEF1102398225C0092415F /* DeezerApp.app */;
			productType = "com.apple.product-type.application";
		};
/* End PBXNativeTarget section */

/* Begin PBXProject section */
		ACEEF1082398225C0092415F /* Project object */ = {
			isa = PBXProject;
			attributes = {
				LastSwiftUpdateCheck = 1030;
				LastUpgradeCheck = 1030;
				ORGANIZATIONNAME = Praveen;
				TargetAttributes = {
					ACEEF10F2398225C0092415F = {
						CreatedOnToolsVersion = 10.3;
					};
				};
			};
			buildConfigurationList = ACEEF10B2398225C0092415F /* Build configuration list for PBXProject "DeezerApp" */;
			compatibilityVersion = "Xcode 9.3";
			developmentRegion = en;
			hasScannedForEncodings = 0;
			knownRegions = (
				en,
				Base,
			);
			mainGroup = ACEEF1072398225C0092415F;
			productRefGroup = ACEEF1112398225C0092415F /* Products */;
			projectDirPath = "";
			projectRoot = "";
			targets = (
				ACEEF10F2398225C0092415F /* DeezerApp */,
			);
		};
/* End PBXProject section */

/* Begin PBXResourcesBuildPhase section */
		ACEEF10E2398225C0092415F /* Resources */ = {
			isa = PBXResourcesBuildPhase;
			buildActionMask = 2147483647;
			files = (
				AC570CA6239CE0D8006771CA /* TrackCollectionViewCell.xib in Resources */,
				ACDC18802398D15E0091F680 /* ArtistTableViewCell.xib in Resources */,
				AC570C9A239C4540006771CA /* AlbumDetailViewController.xib in Resources */,
				ACEEF11E2398225E0092415F /* LaunchScreen.storyboard in Resources */,
				ACEEF12D239825420092415F /* Color.xcassets in Resources */,
				AC1F65D8239955C00077B333 /* AlbumsViewController.xib in Resources */,
				ACEEF11B2398225E0092415F /* Assets.xcassets in Resources */,
				ACDC18862398D1990091F680 /* AlbumCollectionViewCell.xib in Resources */,
				AC3CE7A62398292A00EB8762 /* SearchViewController.xib in Resources */,
			);
			runOnlyForDeploymentPostprocessing = 0;
		};
/* End PBXResourcesBuildPhase section */

/* Begin PBXSourcesBuildPhase section */
		ACEEF10C2398225C0092415F /* Sources */ = {
			isa = PBXSourcesBuildPhase;
			buildActionMask = 2147483647;
			files = (
				ACDC188B2398D3D00091F680 /* Bindable.swift in Sources */,
				ACDC18852398D1990091F680 /* AlbumCollectionViewCell.swift in Sources */,
				AC3CE7BF2398A73800EB8762 /* URLSessionProtocol.swift in Sources */,
				AC3CE7A823982A1100EB8762 /* NSObjectExtension.swift in Sources */,
				AC3CE7B92398A6AB00EB8762 /* HTTPError.swift in Sources */,
				AC3CE7C92398AC5400EB8762 /* PrintHelper.swift in Sources */,
				AC3CE7C12398A76400EB8762 /* URLResponseExtension.swift in Sources */,
				AC3CE7A52398292A00EB8762 /* SearchViewController.swift in Sources */,
				AC570C9C239C4651006771CA /* AlbumHeaderView.swift in Sources */,
				ACEEF128239822FB0092415F /* UIViewExtension.swift in Sources */,
				AC3CE7C52398A79700EB8762 /* URLSessionExtension.swift in Sources */,
				AC3CE79F2398289100EB8762 /* Navigator.swift in Sources */,
				AC3CE7C32398A77300EB8762 /* URLSessionDataTaskExtension.swift in Sources */,
				ACDC187F2398D15E0091F680 /* ArtistTableViewCell.swift in Sources */,
				AC570CA0239CCCF3006771CA /* AlbumDetailViewModel.swift in Sources */,
				AC3CE7C72398A8CC00EB8762 /* DeezerAPI.swift in Sources */,
				AC1F65D7239955C00077B333 /* AlbumsViewController.swift in Sources */,
				AC3CE7B123982CCF00EB8762 /* Constants.swift in Sources */,
				AC3CE7B52398A67300EB8762 /* HTTPMethod.swift in Sources */,
				ACE84820239CEEB100BE0915 /* AlbumDetailCollectionViewDataSource.swift in Sources */,
				AC1F65D4239954770077B333 /* AlbumListViewModel.swift in Sources */,
				AC3CE7B72398A69600EB8762 /* HTTPClient.swift in Sources */,
				AC570C9E239CCB71006771CA /* AlbumDetail.swift in Sources */,
				AC3CE7CD2398BC3500EB8762 /* Aritist.swift in Sources */,
				AC3CE7CB2398BA8A00EB8762 /* SearchTableViewDataSource.swift in Sources */,
				AC3CE7B32398A62000EB8762 /* DeezerError.swift in Sources */,
				AC3CE7BD2398A72400EB8762 /* URLSessionDataTaskProtocol.swift in Sources */,
				ACEEF1142398225C0092415F /* AppDelegate.swift in Sources */,
				AC1F65D223993C810077B333 /* UIImageViewExtension.swift in Sources */,
				AC570CA5239CE0D8006771CA /* TrackCollectionViewCell.swift in Sources */,
				AC3CE7CF2398BC4200EB8762 /* Album.swift in Sources */,
				ACDC188D2398F42D0091F680 /* UIAlertControllerExtension.swift in Sources */,
				AC1F65DA239A0DC80077B333 /* AlbumCollectionViewDataSource.swift in Sources */,
				AC3CE79D2398266300EB8762 /* UIColorExtension.swift in Sources */,
				AC570C99239C4540006771CA /* AlbumDetailViewController.swift in Sources */,
				AC3CE7BB2398A70B00EB8762 /* HTTPRequestProtocol.swift in Sources */,
				ACDC18892398D3670091F680 /* ArtistListViewModel.swift in Sources */,
			);
			runOnlyForDeploymentPostprocessing = 0;
		};
/* End PBXSourcesBuildPhase section */

/* Begin PBXVariantGroup section */
		ACEEF11C2398225E0092415F /* LaunchScreen.storyboard */ = {
			isa = PBXVariantGroup;
			children = (
				ACEEF11D2398225E0092415F /* Base */,
			);
			name = LaunchScreen.storyboard;
			sourceTree = "<group>";
		};
/* End PBXVariantGroup section */

/* Begin XCBuildConfiguration section */
		ACEEF1202398225E0092415F /* Debug */ = {
			isa = XCBuildConfiguration;
			buildSettings = {
				ALWAYS_SEARCH_USER_PATHS = NO;
				CLANG_ANALYZER_NONNULL = YES;
				CLANG_ANALYZER_NUMBER_OBJECT_CONVERSION = YES_AGGRESSIVE;
				CLANG_CXX_LANGUAGE_STANDARD = "gnu++14";
				CLANG_CXX_LIBRARY = "libc++";
				CLANG_ENABLE_MODULES = YES;
				CLANG_ENABLE_OBJC_ARC = YES;
				CLANG_ENABLE_OBJC_WEAK = YES;
				CLANG_WARN_BLOCK_CAPTURE_AUTORELEASING = YES;
				CLANG_WARN_BOOL_CONVERSION = YES;
				CLANG_WARN_COMMA = YES;
				CLANG_WARN_CONSTANT_CONVERSION = YES;
				CLANG_WARN_DEPRECATED_OBJC_IMPLEMENTATIONS = YES;
				CLANG_WARN_DIRECT_OBJC_ISA_USAGE = YES_ERROR;
				CLANG_WARN_DOCUMENTATION_COMMENTS = YES;
				CLANG_WARN_EMPTY_BODY = YES;
				CLANG_WARN_ENUM_CONVERSION = YES;
				CLANG_WARN_INFINITE_RECURSION = YES;
				CLANG_WARN_INT_CONVERSION = YES;
				CLANG_WARN_NON_LITERAL_NULL_CONVERSION = YES;
				CLANG_WARN_OBJC_IMPLICIT_RETAIN_SELF = YES;
				CLANG_WARN_OBJC_LITERAL_CONVERSION = YES;
				CLANG_WARN_OBJC_ROOT_CLASS = YES_ERROR;
				CLANG_WARN_RANGE_LOOP_ANALYSIS = YES;
				CLANG_WARN_STRICT_PROTOTYPES = YES;
				CLANG_WARN_SUSPICIOUS_MOVE = YES;
				CLANG_WARN_UNGUARDED_AVAILABILITY = YES_AGGRESSIVE;
				CLANG_WARN_UNREACHABLE_CODE = YES;
				CLANG_WARN__DUPLICATE_METHOD_MATCH = YES;
				CODE_SIGN_IDENTITY = "iPhone Developer";
				COPY_PHASE_STRIP = NO;
				DEBUG_INFORMATION_FORMAT = dwarf;
				ENABLE_STRICT_OBJC_MSGSEND = YES;
				ENABLE_TESTABILITY = YES;
				GCC_C_LANGUAGE_STANDARD = gnu11;
				GCC_DYNAMIC_NO_PIC = NO;
				GCC_NO_COMMON_BLOCKS = YES;
				GCC_OPTIMIZATION_LEVEL = 0;
				GCC_PREPROCESSOR_DEFINITIONS = (
					"DEBUG=1",
					"$(inherited)",
				);
				GCC_WARN_64_TO_32_BIT_CONVERSION = YES;
				GCC_WARN_ABOUT_RETURN_TYPE = YES_ERROR;
				GCC_WARN_UNDECLARED_SELECTOR = YES;
				GCC_WARN_UNINITIALIZED_AUTOS = YES_AGGRESSIVE;
				GCC_WARN_UNUSED_FUNCTION = YES;
				GCC_WARN_UNUSED_VARIABLE = YES;
				IPHONEOS_DEPLOYMENT_TARGET = 12.4;
				MTL_ENABLE_DEBUG_INFO = INCLUDE_SOURCE;
				MTL_FAST_MATH = YES;
				ONLY_ACTIVE_ARCH = YES;
				SDKROOT = iphoneos;
				SWIFT_ACTIVE_COMPILATION_CONDITIONS = DEBUG;
				SWIFT_OPTIMIZATION_LEVEL = "-Onone";
			};
			name = Debug;
		};
		ACEEF1212398225E0092415F /* Release */ = {
			isa = XCBuildConfiguration;
			buildSettings = {
				ALWAYS_SEARCH_USER_PATHS = NO;
				CLANG_ANALYZER_NONNULL = YES;
				CLANG_ANALYZER_NUMBER_OBJECT_CONVERSION = YES_AGGRESSIVE;
				CLANG_CXX_LANGUAGE_STANDARD = "gnu++14";
				CLANG_CXX_LIBRARY = "libc++";
				CLANG_ENABLE_MODULES = YES;
				CLANG_ENABLE_OBJC_ARC = YES;
				CLANG_ENABLE_OBJC_WEAK = YES;
				CLANG_WARN_BLOCK_CAPTURE_AUTORELEASING = YES;
				CLANG_WARN_BOOL_CONVERSION = YES;
				CLANG_WARN_COMMA = YES;
				CLANG_WARN_CONSTANT_CONVERSION = YES;
				CLANG_WARN_DEPRECATED_OBJC_IMPLEMENTATIONS = YES;
				CLANG_WARN_DIRECT_OBJC_ISA_USAGE = YES_ERROR;
				CLANG_WARN_DOCUMENTATION_COMMENTS = YES;
				CLANG_WARN_EMPTY_BODY = YES;
				CLANG_WARN_ENUM_CONVERSION = YES;
				CLANG_WARN_INFINITE_RECURSION = YES;
				CLANG_WARN_INT_CONVERSION = YES;
				CLANG_WARN_NON_LITERAL_NULL_CONVERSION = YES;
				CLANG_WARN_OBJC_IMPLICIT_RETAIN_SELF = YES;
				CLANG_WARN_OBJC_LITERAL_CONVERSION = YES;
				CLANG_WARN_OBJC_ROOT_CLASS = YES_ERROR;
				CLANG_WARN_RANGE_LOOP_ANALYSIS = YES;
				CLANG_WARN_STRICT_PROTOTYPES = YES;
				CLANG_WARN_SUSPICIOUS_MOVE = YES;
				CLANG_WARN_UNGUARDED_AVAILABILITY = YES_AGGRESSIVE;
				CLANG_WARN_UNREACHABLE_CODE = YES;
				CLANG_WARN__DUPLICATE_METHOD_MATCH = YES;
				CODE_SIGN_IDENTITY = "iPhone Developer";
				COPY_PHASE_STRIP = NO;
				DEBUG_INFORMATION_FORMAT = "dwarf-with-dsym";
				ENABLE_NS_ASSERTIONS = NO;
				ENABLE_STRICT_OBJC_MSGSEND = YES;
				GCC_C_LANGUAGE_STANDARD = gnu11;
				GCC_NO_COMMON_BLOCKS = YES;
				GCC_WARN_64_TO_32_BIT_CONVERSION = YES;
				GCC_WARN_ABOUT_RETURN_TYPE = YES_ERROR;
				GCC_WARN_UNDECLARED_SELECTOR = YES;
				GCC_WARN_UNINITIALIZED_AUTOS = YES_AGGRESSIVE;
				GCC_WARN_UNUSED_FUNCTION = YES;
				GCC_WARN_UNUSED_VARIABLE = YES;
				IPHONEOS_DEPLOYMENT_TARGET = 12.4;
				MTL_ENABLE_DEBUG_INFO = NO;
				MTL_FAST_MATH = YES;
				SDKROOT = iphoneos;
				SWIFT_COMPILATION_MODE = wholemodule;
				SWIFT_OPTIMIZATION_LEVEL = "-O";
				VALIDATE_PRODUCT = YES;
			};
			name = Release;
		};
		ACEEF1232398225E0092415F /* Debug */ = {
			isa = XCBuildConfiguration;
			buildSettings = {
				ASSETCATALOG_COMPILER_APPICON_NAME = AppIcon;
				CODE_SIGN_STYLE = Automatic;
				DEVELOPMENT_TEAM = Y47XQ6GL7V;
				INFOPLIST_FILE = DeezerApp/Info.plist;
				LD_RUNPATH_SEARCH_PATHS = (
					"$(inherited)",
					"@executable_path/Frameworks",
				);
				PRODUCT_BUNDLE_IDENTIFIER = com.praveen.DeezerApp;
				PRODUCT_NAME = "$(TARGET_NAME)";
				SWIFT_VERSION = 5.0;
				TARGETED_DEVICE_FAMILY = "1,2";
			};
			name = Debug;
		};
		ACEEF1242398225E0092415F /* Release */ = {
			isa = XCBuildConfiguration;
			buildSettings = {
				ASSETCATALOG_COMPILER_APPICON_NAME = AppIcon;
				CODE_SIGN_STYLE = Automatic;
				DEVELOPMENT_TEAM = Y47XQ6GL7V;
				INFOPLIST_FILE = DeezerApp/Info.plist;
				LD_RUNPATH_SEARCH_PATHS = (
					"$(inherited)",
					"@executable_path/Frameworks",
				);
				PRODUCT_BUNDLE_IDENTIFIER = com.praveen.DeezerApp;
				PRODUCT_NAME = "$(TARGET_NAME)";
				SWIFT_VERSION = 5.0;
				TARGETED_DEVICE_FAMILY = "1,2";
			};
			name = Release;
		};
/* End XCBuildConfiguration section */

/* Begin XCConfigurationList section */
		ACEEF10B2398225C0092415F /* Build configuration list for PBXProject "DeezerApp" */ = {
			isa = XCConfigurationList;
			buildConfigurations = (
				ACEEF1202398225E0092415F /* Debug */,
				ACEEF1212398225E0092415F /* Release */,
			);
			defaultConfigurationIsVisible = 0;
			defaultConfigurationName = Release;
		};
		ACEEF1222398225E0092415F /* Build configuration list for PBXNativeTarget "DeezerApp" */ = {
			isa = XCConfigurationList;
			buildConfigurations = (
				ACEEF1232398225E0092415F /* Debug */,
				ACEEF1242398225E0092415F /* Release */,
			);
			defaultConfigurationIsVisible = 0;
			defaultConfigurationName = Release;
		};
/* End XCConfigurationList section */
	};
	rootObject = ACEEF1082398225C0092415F /* Project object */;
}
